
Microsoft Visual Studio Solution File, Format Version 12.00
# Visual Studio 15
VisualStudioVersion = 15.0.27703.2026
MinimumVisualStudioVersion = 10.0.40219.1
Project("{FAE04EC0-301F-11D3-BF4B-00C04F79EFBC}") = "nuget-mvc-toastr-service", "nuget-mvc-toastr-service\nuget-mvc-toastr-service.csproj", "{15E36DF3-3092-44E8-AF40-60C11A396792}"
EndProject
Global
	GlobalSection(SolutionConfigurationPlatforms) = preSolution
		Debug|Any CPU = Debug|Any CPU
		Release|Any CPU = Release|Any CPU
	EndGlobalSection
	GlobalSection(ProjectConfigurationPlatforms) = postSolution
		{15E36DF3-3092-44E8-AF40-60C11A396792}.Debug|Any CPU.ActiveCfg = Debug|Any CPU
		{15E36DF3-3092-44E8-AF40-60C11A396792}.Debug|Any CPU.Build.0 = Debug|Any CPU
		{15E36DF3-3092-44E8-AF40-60C11A396792}.Release|Any CPU.ActiveCfg = Release|Any CPU
		{15E36DF3-3092-44E8-AF40-60C11A396792}.Release|Any CPU.Build.0 = Release|Any CPU
	EndGlobalSection
	GlobalSection(SolutionProperties) = preSolution
		HideSolutionNode = FALSE
	EndGlobalSection
	GlobalSection(ExtensibilityGlobals) = postSolution
		SolutionGuid = {99BFE5CF-37AB-4E9C-BD07-8FBD1D7917FA}
	EndGlobalSection
EndGlobal
